{
  "name": "Toturial",
  "lockfileVersion": 3,
  "requires": true,
  "packages": {
    "": {
      "dependencies": {
        "yub": "^0.11.1"
      }
    },
    "node_modules/yub": {
      "version": "0.11.1",
      "resolved": "https://registry.npmjs.org/yub/-/yub-0.11.1.tgz",
      "integrity": "sha512-kAq/VtEc9Avsosb9O7IYuTgQAaKFf6ekOXlUtzv8tie1Froq35wtPOrk6VI+43SLXGmBszC1D0A3gR/jW81neg=="
    }
  }
}
